// !$*UTF8*$!
{
	archiveVersion = 1;
	classes = {
	};
	objectVersion = 56;
	objects = {

/* Begin PBXBuildFile section */
		B7CAC6BD2AD3072700CE141F /* my_text_readerApp.swift in Sources */ = {isa = PBXBuildFile; fileRef = B7CAC6BC2AD3072700CE141F /* my_text_readerApp.swift */; };
		B7CAC6BF2AD3072700CE141F /* ContentView.swift in Sources */ = {isa = PBXBuildFile; fileRef = B7CAC6BE2AD3072700CE141F /* ContentView.swift */; };
		B7CAC6C12AD3072800CE141F /* Assets.xcassets in Resources */ = {isa = PBXBuildFile; fileRef = B7CAC6C02AD3072800CE141F /* Assets.xcassets */; };
		B7CAC6C52AD3072800CE141F /* Preview Assets.xcassets in Resources */ = {isa = PBXBuildFile; fileRef = B7CAC6C42AD3072800CE141F /* Preview Assets.xcassets */; };
		B7CAC6CF2AD3072800CE141F /* my_text_readerTests.swift in Sources */ = {isa = PBXBuildFile; fileRef = B7CAC6CE2AD3072800CE141F /* my_text_readerTests.swift */; };
		B7CAC6D92AD3072800CE141F /* my_text_readerUITests.swift in Sources */ = {isa = PBXBuildFile; fileRef = B7CAC6D82AD3072800CE141F /* my_text_readerUITests.swift */; };
		B7CAC6DB2AD3072800CE141F /* my_text_readerUITestsLaunchTests.swift in Sources */ = {isa = PBXBuildFile; fileRef = B7CAC6DA2AD3072800CE141F /* my_text_readerUITestsLaunchTests.swift */; };
		B7FD06D72AD30B7D00100773 /* AVFoundation.framework in Frameworks */ = {isa = PBXBuildFile; fileRef = B7FD06D62AD30B7D00100773 /* AVFoundation.framework */; };
		B7FD06DA2AD30BB400100773 /* SwiftUI.framework in Frameworks */ = {isa = PBXBuildFile; fileRef = B7FD06D92AD30BB400100773 /* SwiftUI.framework */; };
/* End PBXBuildFile section */

/* Begin PBXContainerItemProxy section */
		B7CAC6CB2AD3072800CE141F /* PBXContainerItemProxy */ = {
			isa = PBXContainerItemProxy;
			containerPortal = B7CAC6B12AD3072700CE141F /* Project object */;
			proxyType = 1;
			remoteGlobalIDString = B7CAC6B82AD3072700CE141F;
			remoteInfo = "my-text-reader";
		};
		B7CAC6D52AD3072800CE141F /* PBXContainerItemProxy */ = {
			isa = PBXContainerItemProxy;
			containerPortal = B7CAC6B12AD3072700CE141F /* Project object */;
			proxyType = 1;
			remoteGlobalIDString = B7CAC6B82AD3072700CE141F;
			remoteInfo = "my-text-reader";
		};
/* End PBXContainerItemProxy section */

/* Begin PBXFileReference section */
		B7CAC6B92AD3072700CE141F /* my-text-reader.app */ = {isa = PBXFileReference; explicitFileType = wrapper.application; includeInIndex = 0; path = "my-text-reader.app"; sourceTree = BUILT_PRODUCTS_DIR; };
		B7CAC6BC2AD3072700CE141F /* my_text_readerApp.swift */ = {isa = PBXFileReference; lastKnownFileType = sourcecode.swift; path = my_text_readerApp.swift; sourceTree = "<group>"; };
		B7CAC6BE2AD3072700CE141F /* ContentView.swift */ = {isa = PBXFileReference; lastKnownFileType = sourcecode.swift; path = ContentView.swift; sourceTree = "<group>"; };
		B7CAC6C02AD3072800CE141F /* Assets.xcassets */ = {isa = PBXFileReference; lastKnownFileType = folder.assetcatalog; path = Assets.xcassets; sourceTree = "<group>"; };
		B7CAC6C22AD3072800CE141F /* my_text_reader.entitlements */ = {isa = PBXFileReference; lastKnownFileType = text.plist.entitlements; path = my_text_reader.entitlements; sourceTree = "<group>"; };
		B7CAC6C42AD3072800CE141F /* Preview Assets.xcassets */ = {isa = PBXFileReference; lastKnownFileType = folder.assetcatalog; path = "Preview Assets.xcassets"; sourceTree = "<group>"; };
		B7CAC6CA2AD3072800CE141F /* my-text-readerTests.xctest */ = {isa = PBXFileReference; explicitFileType = wrapper.cfbundle; includeInIndex = 0; path = "my-text-readerTests.xctest"; sourceTree = BUILT_PRODUCTS_DIR; };
		B7CAC6CE2AD3072800CE141F /* my_text_readerTests.swift */ = {isa = PBXFileReference; lastKnownFileType = sourcecode.swift; path = my_text_readerTests.swift; sourceTree = "<group>"; };
		B7CAC6D42AD3072800CE141F /* my-text-readerUITests.xctest */ = {isa = PBXFileReference; explicitFileType = wrapper.cfbundle; includeInIndex = 0; path = "my-text-readerUITests.xctest"; sourceTree = BUILT_PRODUCTS_DIR; };
		B7CAC6D82AD3072800CE141F /* my_text_readerUITests.swift */ = {isa = PBXFileReference; lastKnownFileType = sourcecode.swift; path = my_text_readerUITests.swift; sourceTree = "<group>"; };
		B7CAC6DA2AD3072800CE141F /* my_text_readerUITestsLaunchTests.swift */ = {isa = PBXFileReference; lastKnownFileType = sourcecode.swift; path = my_text_readerUITestsLaunchTests.swift; sourceTree = "<group>"; };
		B7FD06D62AD30B7D00100773 /* AVFoundation.framework */ = {isa = PBXFileReference; lastKnownFileType = wrapper.framework; name = AVFoundation.framework; path = Platforms/iPhoneOS.platform/Developer/SDKs/iPhoneOS17.0.sdk/System/Library/Frameworks/AVFoundation.framework; sourceTree = DEVELOPER_DIR; };
		B7FD06D92AD30BB400100773 /* SwiftUI.framework */ = {isa = PBXFileReference; lastKnownFileType = wrapper.framework; name = SwiftUI.framework; path = Platforms/iPhoneOS.platform/Developer/SDKs/iPhoneOS17.0.sdk/System/Library/Frameworks/SwiftUI.framework; sourceTree = DEVELOPER_DIR; };
/* End PBXFileReference section */

/* Begin PBXFrameworksBuildPhase section */
		B7CAC6B62AD3072700CE141F /* Frameworks */ = {
			isa = PBXFrameworksBuildPhase;
			buildActionMask = 2147483647;
			files = (
				B7FD06DA2AD30BB400100773 /* SwiftUI.framework in Frameworks */,
				B7FD06D72AD30B7D00100773 /* AVFoundation.framework in Frameworks */,
			);
			runOnlyForDeploymentPostprocessing = 0;
		};
		B7CAC6C72AD3072800CE141F /* Frameworks */ = {
			isa = PBXFrameworksBuildPhase;
			buildActionMask = 2147483647;
			files = (
			);
			runOnlyForDeploymentPostprocessing = 0;
		};
		B7CAC6D12AD3072800CE141F /* Frameworks */ = {
			isa = PBXFrameworksBuildPhase;
			buildActionMask = 2147483647;
			files = (
			);
			runOnlyForDeploymentPostprocessing = 0;
		};
/* End PBXFrameworksBuildPhase section */

/* Begin PBXGroup section */
		B7CAC6B02AD3072700CE141F = {
			isa = PBXGroup;
			children = (
				B7CAC6BB2AD3072700CE141F /* my-text-reader */,
				B7CAC6CD2AD3072800CE141F /* my-text-readerTests */,
				B7CAC6D72AD3072800CE141F /* my-text-readerUITests */,
				B7CAC6BA2AD3072700CE141F /* Products */,
				B7FD06D52AD30B7D00100773 /* Frameworks */,
			);
			sourceTree = "<group>";
		};
		B7CAC6BA2AD3072700CE141F /* Products */ = {
			isa = PBXGroup;
			children = (
				B7CAC6B92AD3072700CE141F /* my-text-reader.app */,
				B7CAC6CA2AD3072800CE141F /* my-text-readerTests.xctest */,
				B7CAC6D42AD3072800CE141F /* my-text-readerUITests.xctest */,
			);
			name = Products;
			sourceTree = "<group>";
		};
		B7CAC6BB2AD3072700CE141F /* my-text-reader */ = {
			isa = PBXGroup;
			children = (
				B7CAC6BC2AD3072700CE141F /* my_text_readerApp.swift */,
				B7CAC6BE2AD3072700CE141F /* ContentView.swift */,
				B7CAC6C02AD3072800CE141F /* Assets.xcassets */,
				B7CAC6C22AD3072800CE141F /* my_text_reader.entitlements */,
				B7CAC6C32AD3072800CE141F /* Preview Content */,
			);
			path = "my-text-reader";
			sourceTree = "<group>";
		};
		B7CAC6C32AD3072800CE141F /* Preview Content */ = {
			isa = PBXGroup;
			children = (
				B7CAC6C42AD3072800CE141F /* Preview Assets.xcassets */,
			);
			path = "Preview Content";
			sourceTree = "<group>";
		};
		B7CAC6CD2AD3072800CE141F /* my-text-readerTests */ = {
			isa = PBXGroup;
			children = (
				B7CAC6CE2AD3072800CE141F /* my_text_readerTests.swift */,
			);
			path = "my-text-readerTests";
			sourceTree = "<group>";
		};
		B7CAC6D72AD3072800CE141F /* my-text-readerUITests */ = {
			isa = PBXGroup;
			children = (
				B7CAC6D82AD3072800CE141F /* my_text_readerUITests.swift */,
				B7CAC6DA2AD3072800CE141F /* my_text_readerUITestsLaunchTests.swift */,
			);
			path = "my-text-readerUITests";
			sourceTree = "<group>";
		};
		B7FD06D52AD30B7D00100773 /* Frameworks */ = {
			isa = PBXGroup;
			children = (
				B7FD06D92AD30BB400100773 /* SwiftUI.framework */,
				B7FD06D62AD30B7D00100773 /* AVFoundation.framework */,
			);
			name = Frameworks;
			sourceTree = "<group>";
		};
/* End PBXGroup section */

/* Begin PBXNativeTarget section */
		B7CAC6B82AD3072700CE141F /* my-text-reader */ = {
			isa = PBXNativeTarget;
			buildConfigurationList = B7CAC6DE2AD3072800CE141F /* Build configuration list for PBXNativeTarget "my-text-reader" */;
			buildPhases = (
				B7CAC6B52AD3072700CE141F /* Sources */,
				B7CAC6B62AD3072700CE141F /* Frameworks */,
				B7CAC6B72AD3072700CE141F /* Resources */,
			);
			buildRules = (
			);
			dependencies = (
			);
			name = "my-text-reader";
			productName = "my-text-reader";
			productReference = B7CAC6B92AD3072700CE141F /* my-text-reader.app */;
			productType = "com.apple.product-type.application";
		};
		B7CAC6C92AD3072800CE141F /* my-text-readerTests */ = {
			isa = PBXNativeTarget;
			buildConfigurationList = B7CAC6E12AD3072800CE141F /* Build configuration list for PBXNativeTarget "my-text-readerTests" */;
			buildPhases = (
				B7CAC6C62AD3072800CE141F /* Sources */,
				B7CAC6C72AD3072800CE141F /* Frameworks */,
				B7CAC6C82AD3072800CE141F /* Resources */,
			);
			buildRules = (
			);
			dependencies = (
				B7CAC6CC2AD3072800CE141F /* PBXTargetDependency */,
			);
			name = "my-text-readerTests";
			productName = "my-text-readerTests";
			productReference = B7CAC6CA2AD3072800CE141F /* my-text-readerTests.xctest */;
			productType = "com.apple.product-type.bundle.unit-test";
		};
		B7CAC6D32AD3072800CE141F /* my-text-readerUITests */ = {
			isa = PBXNativeTarget;
			buildConfigurationList = B7CAC6E42AD3072800CE141F /* Build configuration list for PBXNativeTarget "my-text-readerUITests" */;
			buildPhases = (
				B7CAC6D02AD3072800CE141F /* Sources */,
				B7CAC6D12AD3072800CE141F /* Frameworks */,
				B7CAC6D22AD3072800CE141F /* Resources */,
			);
			buildRules = (
			);
			dependencies = (
				B7CAC6D62AD3072800CE141F /* PBXTargetDependency */,
			);
			name = "my-text-readerUITests";
			productName = "my-text-readerUITests";
			productReference = B7CAC6D42AD3072800CE141F /* my-text-readerUITests.xctest */;
			productType = "com.apple.product-type.bundle.ui-testing";
		};
/* End PBXNativeTarget section */

/* Begin PBXProject section */
		B7CAC6B12AD3072700CE141F /* Project object */ = {
			isa = PBXProject;
			attributes = {
				BuildIndependentTargetsInParallel = 1;
				LastSwiftUpdateCheck = 1500;
				LastUpgradeCheck = 1500;
				TargetAttributes = {
					B7CAC6B82AD3072700CE141F = {
						CreatedOnToolsVersion = 15.0;
					};
					B7CAC6C92AD3072800CE141F = {
						CreatedOnToolsVersion = 15.0;
						TestTargetID = B7CAC6B82AD3072700CE141F;
					};
					B7CAC6D32AD3072800CE141F = {
						CreatedOnToolsVersion = 15.0;
						TestTargetID = B7CAC6B82AD3072700CE141F;
					};
				};
			};
			buildConfigurationList = B7CAC6B42AD3072700CE141F /* Build configuration list for PBXProject "my-text-reader" */;
			compatibilityVersion = "Xcode 14.0";
			developmentRegion = en;
			hasScannedForEncodings = 0;
			knownRegions = (
				en,
				Base,
			);
			mainGroup = B7CAC6B02AD3072700CE141F;
			productRefGroup = B7CAC6BA2AD3072700CE141F /* Products */;
			projectDirPath = "";
			projectRoot = "";
			targets = (
				B7CAC6B82AD3072700CE141F /* my-text-reader */,
				B7CAC6C92AD3072800CE141F /* my-text-readerTests */,
				B7CAC6D32AD3072800CE141F /* my-text-readerUITests */,
			);
		};
/* End PBXProject section */

/* Begin PBXResourcesBuildPhase section */
		B7CAC6B72AD3072700CE141F /* Resources */ = {
			isa = PBXResourcesBuildPhase;
			buildActionMask = 2147483647;
			files = (
				B7CAC6C52AD3072800CE141F /* Preview Assets.xcassets in Resources */,
				B7CAC6C12AD3072800CE141F /* Assets.xcassets in Resources */,
			);
			runOnlyForDeploymentPostprocessing = 0;
		};
		B7CAC6C82AD3072800CE141F /* Resources */ = {
			isa = PBXResourcesBuildPhase;
			buildActionMask = 2147483647;
			files = (
			);
			runOnlyForDeploymentPostprocessing = 0;
		};
		B7CAC6D22AD3072800CE141F /* Resources */ = {
			isa = PBXResourcesBuildPhase;
			buildActionMask = 2147483647;
			files = (
			);
			runOnlyForDeploymentPostprocessing = 0;
		};
/* End PBXResourcesBuildPhase section */

/* Begin PBXSourcesBuildPhase section */
		B7CAC6B52AD3072700CE141F /* Sources */ = {
			isa = PBXSourcesBuildPhase;
			buildActionMask = 2147483647;
			files = (
				B7CAC6BF2AD3072700CE141F /* ContentView.swift in Sources */,
				B7CAC6BD2AD3072700CE141F /* my_text_readerApp.swift in Sources */,
			);
			runOnlyForDeploymentPostprocessing = 0;
		};
		B7CAC6C62AD3072800CE141F /* Sources */ = {
			isa = PBXSourcesBuildPhase;
			buildActionMask = 2147483647;
			files = (
				B7CAC6CF2AD3072800CE141F /* my_text_readerTests.swift in Sources */,
			);
			runOnlyForDeploymentPostprocessing = 0;
		};
		B7CAC6D02AD3072800CE141F /* Sources */ = {
			isa = PBXSourcesBuildPhase;
			buildActionMask = 2147483647;
			files = (
				B7CAC6DB2AD3072800CE141F /* my_text_readerUITestsLaunchTests.swift in Sources */,
				B7CAC6D92AD3072800CE141F /* my_text_readerUITests.swift in Sources */,
			);
			runOnlyForDeploymentPostprocessing = 0;
		};
/* End PBXSourcesBuildPhase section */

/* Begin PBXTargetDependency section */
		B7CAC6CC2AD3072800CE141F /* PBXTargetDependency */ = {
			isa = PBXTargetDependency;
			target = B7CAC6B82AD3072700CE141F /* my-text-reader */;
			targetProxy = B7CAC6CB2AD3072800CE141F /* PBXContainerItemProxy */;
		};
		B7CAC6D62AD3072800CE141F /* PBXTargetDependency */ = {
			isa = PBXTargetDependency;
			target = B7CAC6B82AD3072700CE141F /* my-text-reader */;
			targetProxy = B7CAC6D52AD3072800CE141F /* PBXContainerItemProxy */;
		};
/* End PBXTargetDependency section */

/* Begin XCBuildConfiguration section */
		B7CAC6DC2AD3072800CE141F /* Debug */ = {
			isa = XCBuildConfiguration;
			buildSettings = {
				ALWAYS_SEARCH_USER_PATHS = NO;
				ASSETCATALOG_COMPILER_GENERATE_SWIFT_ASSET_SYMBOL_EXTENSIONS = YES;
				CLANG_ANALYZER_NONNULL = YES;
				CLANG_ANALYZER_NUMBER_OBJECT_CONVERSION = YES_AGGRESSIVE;
				CLANG_CXX_LANGUAGE_STANDARD = "gnu++20";
				CLANG_ENABLE_MODULES = YES;
				CLANG_ENABLE_OBJC_ARC = YES;
				CLANG_ENABLE_OBJC_WEAK = YES;
				CLANG_WARN_BLOCK_CAPTURE_AUTORELEASING = YES;
				CLANG_WARN_BOOL_CONVERSION = YES;
				CLANG_WARN_COMMA = YES;
				CLANG_WARN_CONSTANT_CONVERSION = YES;
				CLANG_WARN_DEPRECATED_OBJC_IMPLEMENTATIONS = YES;
				CLANG_WARN_DIRECT_OBJC_ISA_USAGE = YES_ERROR;
				CLANG_WARN_DOCUMENTATION_COMMENTS = YES;
				CLANG_WARN_EMPTY_BODY = YES;
				CLANG_WARN_ENUM_CONVERSION = YES;
				CLANG_WARN_INFINITE_RECURSION = YES;
				CLANG_WARN_INT_CONVERSION = YES;
				CLANG_WARN_NON_LITERAL_NULL_CONVERSION = YES;
				CLANG_WARN_OBJC_IMPLICIT_RETAIN_SELF = YES;
				CLANG_WARN_OBJC_LITERAL_CONVERSION = YES;
				CLANG_WARN_OBJC_ROOT_CLASS = YES_ERROR;
				CLANG_WARN_QUOTED_INCLUDE_IN_FRAMEWORK_HEADER = YES;
				CLANG_WARN_RANGE_LOOP_ANALYSIS = YES;
				CLANG_WARN_STRICT_PROTOTYPES = YES;
				CLANG_WARN_SUSPICIOUS_MOVE = YES;
				CLANG_WARN_UNGUARDED_AVAILABILITY = YES_AGGRESSIVE;
				CLANG_WARN_UNREACHABLE_CODE = YES;
				CLANG_WARN__DUPLICATE_METHOD_MATCH = YES;
				COPY_PHASE_STRIP = NO;
				DEBUG_INFORMATION_FORMAT = dwarf;
				ENABLE_STRICT_OBJC_MSGSEND = YES;
				ENABLE_TESTABILITY = YES;
				ENABLE_USER_SCRIPT_SANDBOXING = YES;
				GCC_C_LANGUAGE_STANDARD = gnu17;
				GCC_DYNAMIC_NO_PIC = NO;
				GCC_NO_COMMON_BLOCKS = YES;
				GCC_OPTIMIZATION_LEVEL = 0;
				GCC_PREPROCESSOR_DEFINITIONS = (
					"DEBUG=1",
					"$(inherited)",
				);
				GCC_WARN_64_TO_32_BIT_CONVERSION = YES;
				GCC_WARN_ABOUT_RETURN_TYPE = YES_ERROR;
				GCC_WARN_UNDECLARED_SELECTOR = YES;
				GCC_WARN_UNINITIALIZED_AUTOS = YES_AGGRESSIVE;
				GCC_WARN_UNUSED_FUNCTION = YES;
				GCC_WARN_UNUSED_VARIABLE = YES;
				LOCALIZATION_PREFERS_STRING_CATALOGS = YES;
				MTL_ENABLE_DEBUG_INFO = INCLUDE_SOURCE;
				MTL_FAST_MATH = YES;
				ONLY_ACTIVE_ARCH = YES;
				SWIFT_ACTIVE_COMPILATION_CONDITIONS = "DEBUG $(inherited)";
				SWIFT_OPTIMIZATION_LEVEL = "-Onone";
			};
			name = Debug;
		};
		B7CAC6DD2AD3072800CE141F /* Release */ = {
			isa = XCBuildConfiguration;
			buildSettings = {
				ALWAYS_SEARCH_USER_PATHS = NO;
				ASSETCATALOG_COMPILER_GENERATE_SWIFT_ASSET_SYMBOL_EXTENSIONS = YES;
				CLANG_ANALYZER_NONNULL = YES;
				CLANG_ANALYZER_NUMBER_OBJECT_CONVERSION = YES_AGGRESSIVE;
				CLANG_CXX_LANGUAGE_STANDARD = "gnu++20";
				CLANG_ENABLE_MODULES = YES;
				CLANG_ENABLE_OBJC_ARC = YES;
				CLANG_ENABLE_OBJC_WEAK = YES;
				CLANG_WARN_BLOCK_CAPTURE_AUTORELEASING = YES;
				CLANG_WARN_BOOL_CONVERSION = YES;
				CLANG_WARN_COMMA = YES;
				CLANG_WARN_CONSTANT_CONVERSION = YES;
				CLANG_WARN_DEPRECATED_OBJC_IMPLEMENTATIONS = YES;
				CLANG_WARN_DIRECT_OBJC_ISA_USAGE = YES_ERROR;
				CLANG_WARN_DOCUMENTATION_COMMENTS = YES;
				CLANG_WARN_EMPTY_BODY = YES;
				CLANG_WARN_ENUM_CONVERSION = YES;
				CLANG_WARN_INFINITE_RECURSION = YES;
				CLANG_WARN_INT_CONVERSION = YES;
				CLANG_WARN_NON_LITERAL_NULL_CONVERSION = YES;
				CLANG_WARN_OBJC_IMPLICIT_RETAIN_SELF = YES;
				CLANG_WARN_OBJC_LITERAL_CONVERSION = YES;
				CLANG_WARN_OBJC_ROOT_CLASS = YES_ERROR;
				CLANG_WARN_QUOTED_INCLUDE_IN_FRAMEWORK_HEADER = YES;
				CLANG_WARN_RANGE_LOOP_ANALYSIS = YES;
				CLANG_WARN_STRICT_PROTOTYPES = YES;
				CLANG_WARN_SUSPICIOUS_MOVE = YES;
				CLANG_WARN_UNGUARDED_AVAILABILITY = YES_AGGRESSIVE;
				CLANG_WARN_UNREACHABLE_CODE = YES;
				CLANG_WARN__DUPLICATE_METHOD_MATCH = YES;
				COPY_PHASE_STRIP = NO;
				DEBUG_INFORMATION_FORMAT = "dwarf-with-dsym";
				ENABLE_NS_ASSERTIONS = NO;
				ENABLE_STRICT_OBJC_MSGSEND = YES;
				ENABLE_USER_SCRIPT_SANDBOXING = YES;
				GCC_C_LANGUAGE_STANDARD = gnu17;
				GCC_NO_COMMON_BLOCKS = YES;
				GCC_WARN_64_TO_32_BIT_CONVERSION = YES;
				GCC_WARN_ABOUT_RETURN_TYPE = YES_ERROR;
				GCC_WARN_UNDECLARED_SELECTOR = YES;
				GCC_WARN_UNINITIALIZED_AUTOS = YES_AGGRESSIVE;
				GCC_WARN_UNUSED_FUNCTION = YES;
				GCC_WARN_UNUSED_VARIABLE = YES;
				LOCALIZATION_PREFERS_STRING_CATALOGS = YES;
				MTL_ENABLE_DEBUG_INFO = NO;
				MTL_FAST_MATH = YES;
				SWIFT_COMPILATION_MODE = wholemodule;
			};
			name = Release;
		};
		B7CAC6DF2AD3072800CE141F /* Debug */ = {
			isa = XCBuildConfiguration;
			buildSettings = {
				ASSETCATALOG_COMPILER_APPICON_NAME = AppIcon;
				ASSETCATALOG_COMPILER_GLOBAL_ACCENT_COLOR_NAME = AccentColor;
				CODE_SIGN_ENTITLEMENTS = "my-text-reader/my_text_reader.entitlements";
				"CODE_SIGN_IDENTITY[sdk=macosx*]" = "Apple Development";
				CODE_SIGN_STYLE = Automatic;
				CURRENT_PROJECT_VERSION = 6;
				DEVELOPMENT_ASSET_PATHS = "\"my-text-reader/Preview Content\"";
				DEVELOPMENT_TEAM = 47WF6NHP5J;
				ENABLE_HARDENED_RUNTIME = YES;
				ENABLE_PREVIEWS = YES;
				GENERATE_INFOPLIST_FILE = YES;
				INFOPLIST_FILE = "my-text-reader/Info.plist";
				"INFOPLIST_KEY_UIApplicationSceneManifest_Generation[sdk=iphoneos*]" = YES;
				"INFOPLIST_KEY_UIApplicationSceneManifest_Generation[sdk=iphonesimulator*]" = YES;
				"INFOPLIST_KEY_UIApplicationSupportsIndirectInputEvents[sdk=iphoneos*]" = YES;
				"INFOPLIST_KEY_UIApplicationSupportsIndirectInputEvents[sdk=iphonesimulator*]" = YES;
				"INFOPLIST_KEY_UILaunchScreen_Generation[sdk=iphoneos*]" = YES;
				"INFOPLIST_KEY_UILaunchScreen_Generation[sdk=iphonesimulator*]" = YES;
				"INFOPLIST_KEY_UIStatusBarStyle[sdk=iphoneos*]" = UIStatusBarStyleDefault;
				"INFOPLIST_KEY_UIStatusBarStyle[sdk=iphonesimulator*]" = UIStatusBarStyleDefault;
				INFOPLIST_KEY_UISupportedInterfaceOrientations_iPad = "UIInterfaceOrientationPortrait UIInterfaceOrientationPortraitUpsideDown UIInterfaceOrientationLandscapeLeft UIInterfaceOrientationLandscapeRight";
				INFOPLIST_KEY_UISupportedInterfaceOrientations_iPhone = "UIInterfaceOrientationPortrait UIInterfaceOrientationLandscapeLeft UIInterfaceOrientationLandscapeRight";
				IPHONEOS_DEPLOYMENT_TARGET = 16.0;
				LD_RUNPATH_SEARCH_PATHS = "@executable_path/Frameworks";
				"LD_RUNPATH_SEARCH_PATHS[sdk=macosx*]" = "@executable_path/../Frameworks";
				MACOSX_DEPLOYMENT_TARGET = 13.0;
				MARKETING_VERSION = 2.4;
				PRODUCT_BUNDLE_IDENTIFIER = "divwizard.my-text-reader";
				PRODUCT_NAME = "$(TARGET_NAME)";
				SDKROOT = auto;
				SUPPORTED_PLATFORMS = "iphoneos iphonesimulator macosx";
				SWIFT_EMIT_LOC_STRINGS = YES;
				SWIFT_VERSION = 5.0;
				TARGETED_DEVICE_FAMILY = "1,2";
			};
			name = Debug;
		};
		B7CAC6E02AD3072800CE141F /* Release */ = {
			isa = XCBuildConfiguration;
			buildSettings = {
				ASSETCATALOG_COMPILER_APPICON_NAME = AppIcon;
				ASSETCATALOG_COMPILER_GLOBAL_ACCENT_COLOR_NAME = AccentColor;
				CODE_SIGN_ENTITLEMENTS = "my-text-reader/my_text_reader.entitlements";
				"CODE_SIGN_IDENTITY[sdk=macosx*]" = "Apple Development";
				CODE_SIGN_STYLE = Automatic;
				CURRENT_PROJECT_VERSION = 6;
				DEVELOPMENT_ASSET_PATHS = "\"my-text-reader/Preview Content\"";
				DEVELOPMENT_TEAM = 47WF6NHP5J;
				ENABLE_HARDENED_RUNTIME = YES;
				ENABLE_PREVIEWS = YES;
				GENERATE_INFOPLIST_FILE = YES;
				INFOPLIST_FILE = "my-text-reader/Info.plist";
				"INFOPLIST_KEY_UIApplicationSceneManifest_Generation[sdk=iphoneos*]" = YES;
				"INFOPLIST_KEY_UIApplicationSceneManifest_Generation[sdk=iphonesimulator*]" = YES;
				"INFOPLIST_KEY_UIApplicationSupportsIndirectInputEvents[sdk=iphoneos*]" = YES;
				"INFOPLIST_KEY_UIApplicationSupportsIndirectInputEvents[sdk=iphonesimulator*]" = YES;
				"INFOPLIST_KEY_UILaunchScreen_Generation[sdk=iphoneos*]" = YES;
				"INFOPLIST_KEY_UILaunchScreen_Generation[sdk=iphonesimulator*]" = YES;
				"INFOPLIST_KEY_UIStatusBarStyle[sdk=iphoneos*]" = UIStatusBarStyleDefault;
				"INFOPLIST_KEY_UIStatusBarStyle[sdk=iphonesimulator*]" = UIStatusBarStyleDefault;
				INFOPLIST_KEY_UISupportedInterfaceOrientations_iPad = "UIInterfaceOrientationPortrait UIInterfaceOrientationPortraitUpsideDown UIInterfaceOrientationLandscapeLeft UIInterfaceOrientationLandscapeRight";
				INFOPLIST_KEY_UISupportedInterfaceOrientations_iPhone = "UIInterfaceOrientationPortrait UIInterfaceOrientationLandscapeLeft UIInterfaceOrientationLandscapeRight";
				IPHONEOS_DEPLOYMENT_TARGET = 16.0;
				LD_RUNPATH_SEARCH_PATHS = "@executable_path/Frameworks";
				"LD_RUNPATH_SEARCH_PATHS[sdk=macosx*]" = "@executable_path/../Frameworks";
				MACOSX_DEPLOYMENT_TARGET = 13.0;
				MARKETING_VERSION = 2.4;
				PRODUCT_BUNDLE_IDENTIFIER = "divwizard.my-text-reader";
				PRODUCT_NAME = "$(TARGET_NAME)";
				SDKROOT = auto;
				SUPPORTED_PLATFORMS = "iphoneos iphonesimulator macosx";
				SWIFT_EMIT_LOC_STRINGS = YES;
				SWIFT_VERSION = 5.0;
				TARGETED_DEVICE_FAMILY = "1,2";
			};
			name = Release;
		};
		B7CAC6E22AD3072800CE141F /* Debug */ = {
			isa = XCBuildConfiguration;
			buildSettings = {
				ALWAYS_EMBED_SWIFT_STANDARD_LIBRARIES = YES;
				BUNDLE_LOADER = "$(TEST_HOST)";
				CODE_SIGN_STYLE = Automatic;
				CURRENT_PROJECT_VERSION = 1;
				DEVELOPMENT_TEAM = 47WF6NHP5J;
				GENERATE_INFOPLIST_FILE = YES;
				IPHONEOS_DEPLOYMENT_TARGET = 16.0;
				MACOSX_DEPLOYMENT_TARGET = 13.0;
				MARKETING_VERSION = 1.0;
				PRODUCT_BUNDLE_IDENTIFIER = "divwizard.my-text-readerTests";
				PRODUCT_NAME = "$(TARGET_NAME)";
				SDKROOT = auto;
				SUPPORTED_PLATFORMS = "iphoneos iphonesimulator macosx";
				SWIFT_EMIT_LOC_STRINGS = NO;
				SWIFT_VERSION = 5.0;
				TARGETED_DEVICE_FAMILY = "1,2";
				TEST_HOST = "$(BUILT_PRODUCTS_DIR)/my-text-reader.app/$(BUNDLE_EXECUTABLE_FOLDER_PATH)/my-text-reader";
			};
			name = Debug;
		};
		B7CAC6E32AD3072800CE141F /* Release */ = {
			isa = XCBuildConfiguration;
			buildSettings = {
				ALWAYS_EMBED_SWIFT_STANDARD_LIBRARIES = YES;
				BUNDLE_LOADER = "$(TEST_HOST)";
				CODE_SIGN_STYLE = Automatic;
				CURRENT_PROJECT_VERSION = 1;
				DEVELOPMENT_TEAM = 47WF6NHP5J;
				GENERATE_INFOPLIST_FILE = YES;
				IPHONEOS_DEPLOYMENT_TARGET = 16.0;
				MACOSX_DEPLOYMENT_TARGET = 13.0;
				MARKETING_VERSION = 1.0;
				PRODUCT_BUNDLE_IDENTIFIER = "divwizard.my-text-readerTests";
				PRODUCT_NAME = "$(TARGET_NAME)";
				SDKROOT = auto;
				SUPPORTED_PLATFORMS = "iphoneos iphonesimulator macosx";
				SWIFT_EMIT_LOC_STRINGS = NO;
				SWIFT_VERSION = 5.0;
				TARGETED_DEVICE_FAMILY = "1,2";
				TEST_HOST = "$(BUILT_PRODUCTS_DIR)/my-text-reader.app/$(BUNDLE_EXECUTABLE_FOLDER_PATH)/my-text-reader";
			};
			name = Release;
		};
		B7CAC6E52AD3072800CE141F /* Debug */ = {
			isa = XCBuildConfiguration;
			buildSettings = {
				ALWAYS_EMBED_SWIFT_STANDARD_LIBRARIES = YES;
				CODE_SIGN_STYLE = Automatic;
				CURRENT_PROJECT_VERSION = 1;
				DEVELOPMENT_TEAM = 47WF6NHP5J;
				GENERATE_INFOPLIST_FILE = YES;
				IPHONEOS_DEPLOYMENT_TARGET = 16.0;
				MACOSX_DEPLOYMENT_TARGET = 13.0;
				MARKETING_VERSION = 1.0;
				PRODUCT_BUNDLE_IDENTIFIER = "divwizard.my-text-readerUITests";
				PRODUCT_NAME = "$(TARGET_NAME)";
				SDKROOT = auto;
				SUPPORTED_PLATFORMS = "iphoneos iphonesimulator macosx";
				SWIFT_EMIT_LOC_STRINGS = NO;
				SWIFT_VERSION = 5.0;
				TARGETED_DEVICE_FAMILY = "1,2";
				TEST_TARGET_NAME = "my-text-reader";
			};
			name = Debug;
		};
		B7CAC6E62AD3072800CE141F /* Release */ = {
			isa = XCBuildConfiguration;
			buildSettings = {
				ALWAYS_EMBED_SWIFT_STANDARD_LIBRARIES = YES;
				CODE_SIGN_STYLE = Automatic;
				CURRENT_PROJECT_VERSION = 1;
				DEVELOPMENT_TEAM = 47WF6NHP5J;
				GENERATE_INFOPLIST_FILE = YES;
				IPHONEOS_DEPLOYMENT_TARGET = 16.0;
				MACOSX_DEPLOYMENT_TARGET = 13.0;
				MARKETING_VERSION = 1.0;
				PRODUCT_BUNDLE_IDENTIFIER = "divwizard.my-text-readerUITests";
				PRODUCT_NAME = "$(TARGET_NAME)";
				SDKROOT = auto;
				SUPPORTED_PLATFORMS = "iphoneos iphonesimulator macosx";
				SWIFT_EMIT_LOC_STRINGS = NO;
				SWIFT_VERSION = 5.0;
				TARGETED_DEVICE_FAMILY = "1,2";
				TEST_TARGET_NAME = "my-text-reader";
			};
			name = Release;
		};
/* End XCBuildConfiguration section */

/* Begin XCConfigurationList section */
		B7CAC6B42AD3072700CE141F /* Build configuration list for PBXProject "my-text-reader" */ = {
			isa = XCConfigurationList;
			buildConfigurations = (
				B7CAC6DC2AD3072800CE141F /* Debug */,
				B7CAC6DD2AD3072800CE141F /* Release */,
			);
			defaultConfigurationIsVisible = 0;
			defaultConfigurationName = Release;
		};
		B7CAC6DE2AD3072800CE141F /* Build configuration list for PBXNativeTarget "my-text-reader" */ = {
			isa = XCConfigurationList;
			buildConfigurations = (
				B7CAC6DF2AD3072800CE141F /* Debug */,
				B7CAC6E02AD3072800CE141F /* Release */,
			);
			defaultConfigurationIsVisible = 0;
			defaultConfigurationName = Release;
		};
		B7CAC6E12AD3072800CE141F /* Build configuration list for PBXNativeTarget "my-text-readerTests" */ = {
			isa = XCConfigurationList;
			buildConfigurations = (
				B7CAC6E22AD3072800CE141F /* Debug */,
				B7CAC6E32AD3072800CE141F /* Release */,
			);
			defaultConfigurationIsVisible = 0;
			defaultConfigurationName = Release;
		};
		B7CAC6E42AD3072800CE141F /* Build configuration list for PBXNativeTarget "my-text-readerUITests" */ = {
			isa = XCConfigurationList;
			buildConfigurations = (
				B7CAC6E52AD3072800CE141F /* Debug */,
				B7CAC6E62AD3072800CE141F /* Release */,
			);
			defaultConfigurationIsVisible = 0;
			defaultConfigurationName = Release;
		};
/* End XCConfigurationList section */
	};
	rootObject = B7CAC6B12AD3072700CE141F /* Project object */;
}
